// !$*UTF8*$!
{
	archiveVersion = 1;
	classes = {
	};
	objectVersion = 46;
	objects = {

/* Begin PBXFileReference section */
		256B9E151F9B9EC8008B053E /* media */ = {isa = PBXFileReference; lastKnownFileType = folder; path = media; sourceTree = "<group>"; };
		25A491D01E8E2A5800A7F02D /* UINavigationController+NavBarAlpha.h */ = {isa = PBXFileReference; lastKnownFileType = sourcecode.c.h; path = "UINavigationController+NavBarAlpha.h"; sourceTree = "<group>"; };
		25A491D11E8E2A5800A7F02D /* UINavigationController+NavBarAlpha.m */ = {isa = PBXFileReference; lastKnownFileType = sourcecode.c.objc; path = "UINavigationController+NavBarAlpha.m"; sourceTree = "<group>"; };
		25A491D21E8E2A5800A7F02D /* UIViewController+NavBarAlpha.h */ = {isa = PBXFileReference; lastKnownFileType = sourcecode.c.h; path = "UIViewController+NavBarAlpha.h"; sourceTree = "<group>"; };
		25A491D31E8E2A5800A7F02D /* UIViewController+NavBarAlpha.m */ = {isa = PBXFileReference; lastKnownFileType = sourcecode.c.objc; path = "UIViewController+NavBarAlpha.m"; sourceTree = "<group>"; };
		25A491D41E8E2A7D00A7F02D /* JXLayoutButton.h */ = {isa = PBXFileReference; lastKnownFileType = sourcecode.c.h; path = JXLayoutButton.h; sourceTree = "<group>"; };
		25A491D51E8E2A7D00A7F02D /* JXLayoutButton.m */ = {isa = PBXFileReference; lastKnownFileType = sourcecode.c.objc; path = JXLayoutButton.m; sourceTree = "<group>"; };
		25A491D61E8E2A8900A7F02D /* ASTabBar.h */ = {isa = PBXFileReference; lastKnownFileType = sourcecode.c.h; path = ASTabBar.h; sourceTree = "<group>"; };
		25A491D71E8E2A8900A7F02D /* ASTabBar.m */ = {isa = PBXFileReference; lastKnownFileType = sourcecode.c.objc; path = ASTabBar.m; sourceTree = "<group>"; };
		EC79382F1C1EB52000E66BF6 /* FBProgressWebViewController.h */ = {isa = PBXFileReference; lastKnownFileType = sourcecode.c.h; path = FBProgressWebViewController.h; sourceTree = "<group>"; };
		EC7938301C1EB52000E66BF6 /* FBProgressWebViewController.m */ = {isa = PBXFileReference; lastKnownFileType = sourcecode.c.objc; path = FBProgressWebViewController.m; sourceTree = "<group>"; };
		EC947D691CBBB4370049F300 /* FBPasswordInputView.h */ = {isa = PBXFileReference; lastKnownFileType = sourcecode.c.h; path = FBPasswordInputView.h; sourceTree = "<group>"; };
		EC947D6A1CBBB4370049F300 /* FBPasswordInputView.m */ = {isa = PBXFileReference; lastKnownFileType = sourcecode.c.objc; path = FBPasswordInputView.m; sourceTree = "<group>"; };
		EC947D731CBBB4380049F300 /* UIImage+ImageEffects.h */ = {isa = PBXFileReference; lastKnownFileType = sourcecode.c.h; path = "UIImage+ImageEffects.h"; sourceTree = "<group>"; };
		EC947D741CBBB4380049F300 /* UIImage+ImageEffects.m */ = {isa = PBXFileReference; lastKnownFileType = sourcecode.c.objc; path = "UIImage+ImageEffects.m"; sourceTree = "<group>"; };
		EC947D751CBBB4380049F300 /* ZTMapSelectActsheet.h */ = {isa = PBXFileReference; lastKnownFileType = sourcecode.c.h; path = ZTMapSelectActsheet.h; sourceTree = "<group>"; };
		EC947D761CBBB4380049F300 /* ZTMapSelectActsheet.m */ = {isa = PBXFileReference; lastKnownFileType = sourcecode.c.objc; path = ZTMapSelectActsheet.m; sourceTree = "<group>"; };
		ECA822F91CB5EC71001BF86F /* FBPasswordInput.h */ = {isa = PBXFileReference; lastKnownFileType = sourcecode.c.h; path = FBPasswordInput.h; sourceTree = "<group>"; };
		ECA822FA1CB5EC71001BF86F /* FBPasswordInput.m */ = {isa = PBXFileReference; lastKnownFileType = sourcecode.c.objc; path = FBPasswordInput.m; sourceTree = "<group>"; };
		ECB57B681CBF5F9000ABC75D /* DefinedDateTimePicker.h */ = {isa = PBXFileReference; lastKnownFileType = sourcecode.c.h; path = DefinedDateTimePicker.h; sourceTree = "<group>"; };
		ECB57B691CBF5F9000ABC75D /* DefinedDateTimePicker.m */ = {isa = PBXFileReference; lastKnownFileType = sourcecode.c.objc; path = DefinedDateTimePicker.m; sourceTree = "<group>"; };
		ECB57B6A1CBF5F9000ABC75D /* DefineTextField.h */ = {isa = PBXFileReference; lastKnownFileType = sourcecode.c.h; path = DefineTextField.h; sourceTree = "<group>"; };
		ECB57B6B1CBF5F9000ABC75D /* DefineTextField.m */ = {isa = PBXFileReference; lastKnownFileType = sourcecode.c.objc; path = DefineTextField.m; sourceTree = "<group>"; };
		ECB931651C1FA27C00D119B6 /* FBParseListingData.h */ = {isa = PBXFileReference; lastKnownFileType = sourcecode.c.h; path = FBParseListingData.h; sourceTree = "<group>"; };
		ECB931661C1FA27C00D119B6 /* FBParseListingData.m */ = {isa = PBXFileReference; lastKnownFileType = sourcecode.c.objc; path = FBParseListingData.m; sourceTree = "<group>"; };
		ECFD38A81BE8651E0043F0F7 /* CommonTools.h */ = {isa = PBXFileReference; lastKnownFileType = sourcecode.c.h; path = CommonTools.h; sourceTree = "<group>"; };
		ECFD38A91BE8651E0043F0F7 /* CommonTools.m */ = {isa = PBXFileReference; lastKnownFileType = sourcecode.c.objc; path = CommonTools.m; sourceTree = "<group>"; };
		ECFD38AA1BE865580043F0F7 /* CommonMacro.h */ = {isa = PBXFileReference; lastKnownFileType = sourcecode.c.h; path = CommonMacro.h; sourceTree = "<group>"; };
/* End PBXFileReference section */

/* Begin PBXGroup section */
		EC79382E1C1EB4FF00E66BF6 /* Controllers */ = {
			isa = PBXGroup;
			children = (
				25A491D01E8E2A5800A7F02D /* UINavigationController+NavBarAlpha.h */,
				25A491D11E8E2A5800A7F02D /* UINavigationController+NavBarAlpha.m */,
				25A491D21E8E2A5800A7F02D /* UIViewController+NavBarAlpha.h */,
				25A491D31E8E2A5800A7F02D /* UIViewController+NavBarAlpha.m */,
				EC79382F1C1EB52000E66BF6 /* FBProgressWebViewController.h */,
				EC7938301C1EB52000E66BF6 /* FBProgressWebViewController.m */,
			);
			name = Controllers;
			sourceTree = "<group>";
		};
		ECA822F81CB5EC33001BF86F /* Custom */ = {
			isa = PBXGroup;
			children = (
				25A491D61E8E2A8900A7F02D /* ASTabBar.h */,
				25A491D71E8E2A8900A7F02D /* ASTabBar.m */,
				25A491D41E8E2A7D00A7F02D /* JXLayoutButton.h */,
				25A491D51E8E2A7D00A7F02D /* JXLayoutButton.m */,
				ECB57B681CBF5F9000ABC75D /* DefinedDateTimePicker.h */,
				ECB57B691CBF5F9000ABC75D /* DefinedDateTimePicker.m */,
				ECB57B6A1CBF5F9000ABC75D /* DefineTextField.h */,
				ECB57B6B1CBF5F9000ABC75D /* DefineTextField.m */,
				EC947D691CBBB4370049F300 /* FBPasswordInputView.h */,
				EC947D6A1CBBB4370049F300 /* FBPasswordInputView.m */,
				EC947D731CBBB4380049F300 /* UIImage+ImageEffects.h */,
				EC947D741CBBB4380049F300 /* UIImage+ImageEffects.m */,
				EC947D751CBBB4380049F300 /* ZTMapSelectActsheet.h */,
				EC947D761CBBB4380049F300 /* ZTMapSelectActsheet.m */,
				ECA822F91CB5EC71001BF86F /* FBPasswordInput.h */,
				ECA822FA1CB5EC71001BF86F /* FBPasswordInput.m */,
			);
			name = Custom;
			sourceTree = "<group>";
		};
		ECB931641C1FA26500D119B6 /* FTP */ = {
			isa = PBXGroup;
			children = (
				ECB931651C1FA27C00D119B6 /* FBParseListingData.h */,
				ECB931661C1FA27C00D119B6 /* FBParseListingData.m */,
			);
			name = FTP;
			sourceTree = "<group>";
		};
		ECFD389F1BE864CE0043F0F7 = {
			isa = PBXGroup;
			children = (
				ECFD38A61BE864F80043F0F7 /* Src */,
			);
			sourceTree = "<group>";
		};
		ECFD38A61BE864F80043F0F7 /* Src */ = {
			isa = PBXGroup;
			children = (
				256B9E151F9B9EC8008B053E /* media */,
				ECA822F81CB5EC33001BF86F /* Custom */,
				ECB931641C1FA26500D119B6 /* FTP */,
				EC79382E1C1EB4FF00E66BF6 /* Controllers */,
				ECFD38A71BE8650C0043F0F7 /* Common */,
			);
			name = Src;
			sourceTree = "<group>";
		};
		ECFD38A71BE8650C0043F0F7 /* Common */ = {
			isa = PBXGroup;
			children = (
				ECFD38A81BE8651E0043F0F7 /* CommonTools.h */,
				ECFD38A91BE8651E0043F0F7 /* CommonTools.m */,
				ECFD38AA1BE865580043F0F7 /* CommonMacro.h */,
			);
			name = Common;
			sourceTree = "<group>";
		};
/* End PBXGroup section */

/* Begin PBXProject section */
		ECFD38A01BE864CE0043F0F7 /* Project object */ = {
			isa = PBXProject;
			attributes = {
				LastUpgradeCheck = 0700;
			};
			buildConfigurationList = ECFD38A31BE864CE0043F0F7 /* Build configuration list for PBXProject "CommonTools" */;
			compatibilityVersion = "Xcode 3.2";
			developmentRegion = English;
			hasScannedForEncodings = 0;
			knownRegions = (
				en,
			);
			mainGroup = ECFD389F1BE864CE0043F0F7;
			projectDirPath = "";
			projectRoot = "";
			targets = (
			);
		};
/* End PBXProject section */

/* Begin XCBuildConfiguration section */
		ECFD38A41BE864CE0043F0F7 /* Debug */ = {
			isa = XCBuildConfiguration;
			buildSettings = {
			};
			name = Debug;
		};
		ECFD38A51BE864CE0043F0F7 /* Release */ = {
			isa = XCBuildConfiguration;
			buildSettings = {
			};
			name = Release;
		};
/* End XCBuildConfiguration section */

/* Begin XCConfigurationList section */
		ECFD38A31BE864CE0043F0F7 /* Build configuration list for PBXProject "CommonTools" */ = {
			isa = XCConfigurationList;
			buildConfigurations = (
				ECFD38A41BE864CE0043F0F7 /* Debug */,
				ECFD38A51BE864CE0043F0F7 /* Release */,
			);
			defaultConfigurationIsVisible = 0;
			defaultConfigurationName = Release;
		};
/* End XCConfigurationList section */
	};
	rootObject = ECFD38A01BE864CE0043F0F7 /* Project object */;
}
